// !$*UTF8*$!
{
	archiveVersion = 1;
	classes = {
	};
	objectVersion = 50;
	objects = {

/* Begin PBXBuildFile section */
		4B981494BB20577956B92AE6 /* Pods_TVShowsUITests.framework in Frameworks */ = {isa = PBXBuildFile; fileRef = 7727F1CE1D5B619BF1DE9EE0 /* Pods_TVShowsUITests.framework */; };
		5C1BE46920F935F800E29CA0 /* Login.storyboard in Resources */ = {isa = PBXBuildFile; fileRef = 5C1BE46820F935F800E29CA0 /* Login.storyboard */; };
		5C1BE46B20F9360800E29CA0 /* LoginViewController.swift in Sources */ = {isa = PBXBuildFile; fileRef = 5C1BE46A20F9360800E29CA0 /* LoginViewController.swift */; };
		5C418D9D20FE91170005E723 /* HomeViewController.swift in Sources */ = {isa = PBXBuildFile; fileRef = 5C418D9C20FE91170005E723 /* HomeViewController.swift */; };
		5C89C26C20EE6F4400A49751 /* AppDelegate.swift in Sources */ = {isa = PBXBuildFile; fileRef = 5C89C26B20EE6F4400A49751 /* AppDelegate.swift */; };
		5C89C27620EE6F4500A49751 /* LaunchScreen.storyboard in Resources */ = {isa = PBXBuildFile; fileRef = 5C89C27420EE6F4500A49751 /* LaunchScreen.storyboard */; };
		5C89C28120EE6F4500A49751 /* TVShowsTests.swift in Sources */ = {isa = PBXBuildFile; fileRef = 5C89C28020EE6F4500A49751 /* TVShowsTests.swift */; };
		5C89C28C20EE6F4600A49751 /* TVShowsUITests.swift in Sources */ = {isa = PBXBuildFile; fileRef = 5C89C28B20EE6F4600A49751 /* TVShowsUITests.swift */; };
		5C8D08FF20FF693600FEDDB2 /* User.swift in Sources */ = {isa = PBXBuildFile; fileRef = 5C8D08FE20FF693600FEDDB2 /* User.swift */; };
		5CC8F3A720F2B75500AAD6B4 /* Assets.xcassets in Resources */ = {isa = PBXBuildFile; fileRef = 5CC8F3A620F2B75500AAD6B4 /* Assets.xcassets */; };
		A3F435D2E22CA3040DE02CCF /* Pods_TVShowsTests.framework in Frameworks */ = {isa = PBXBuildFile; fileRef = 64D63B64B4FC1A1317B50206 /* Pods_TVShowsTests.framework */; };
		A8FBA351A1F0808CB87C4EF9 /* Pods_TVShows.framework in Frameworks */ = {isa = PBXBuildFile; fileRef = FBA5D1335043B18B1A41492B /* Pods_TVShows.framework */; };
/* End PBXBuildFile section */

/* Begin PBXContainerItemProxy section */
		5C89C27D20EE6F4500A49751 /* PBXContainerItemProxy */ = {
			isa = PBXContainerItemProxy;
			containerPortal = 5C89C26020EE6F4400A49751 /* Project object */;
			proxyType = 1;
			remoteGlobalIDString = 5C89C26720EE6F4400A49751;
			remoteInfo = TVShows;
		};
		5C89C28820EE6F4500A49751 /* PBXContainerItemProxy */ = {
			isa = PBXContainerItemProxy;
			containerPortal = 5C89C26020EE6F4400A49751 /* Project object */;
			proxyType = 1;
			remoteGlobalIDString = 5C89C26720EE6F4400A49751;
			remoteInfo = TVShows;
		};
/* End PBXContainerItemProxy section */

/* Begin PBXFileReference section */
		078EA4EB5E735F37340A1459 /* Pods-TVShowsTests.release.xcconfig */ = {isa = PBXFileReference; includeInIndex = 1; lastKnownFileType = text.xcconfig; name = "Pods-TVShowsTests.release.xcconfig"; path = "Pods/Target Support Files/Pods-TVShowsTests/Pods-TVShowsTests.release.xcconfig"; sourceTree = "<group>"; };
		1B69BDA09AC00BA572CF0965 /* Pods-TVShows.debug.xcconfig */ = {isa = PBXFileReference; includeInIndex = 1; lastKnownFileType = text.xcconfig; name = "Pods-TVShows.debug.xcconfig"; path = "Pods/Target Support Files/Pods-TVShows/Pods-TVShows.debug.xcconfig"; sourceTree = "<group>"; };
		5C1BE46820F935F800E29CA0 /* Login.storyboard */ = {isa = PBXFileReference; lastKnownFileType = file.storyboard; path = Login.storyboard; sourceTree = "<group>"; };
		5C1BE46A20F9360800E29CA0 /* LoginViewController.swift */ = {isa = PBXFileReference; lastKnownFileType = sourcecode.swift; path = LoginViewController.swift; sourceTree = "<group>"; };
		5C418D9C20FE91170005E723 /* HomeViewController.swift */ = {isa = PBXFileReference; lastKnownFileType = sourcecode.swift; path = HomeViewController.swift; sourceTree = "<group>"; };
		5C89C26820EE6F4400A49751 /* TVShows.app */ = {isa = PBXFileReference; explicitFileType = wrapper.application; includeInIndex = 0; path = TVShows.app; sourceTree = BUILT_PRODUCTS_DIR; };
		5C89C26B20EE6F4400A49751 /* AppDelegate.swift */ = {isa = PBXFileReference; lastKnownFileType = sourcecode.swift; path = AppDelegate.swift; sourceTree = "<group>"; };
		5C89C27520EE6F4500A49751 /* Base */ = {isa = PBXFileReference; lastKnownFileType = file.storyboard; name = Base; path = Base.lproj/LaunchScreen.storyboard; sourceTree = "<group>"; };
		5C89C27720EE6F4500A49751 /* Info.plist */ = {isa = PBXFileReference; lastKnownFileType = text.plist.xml; path = Info.plist; sourceTree = "<group>"; };
		5C89C27C20EE6F4500A49751 /* TVShowsTests.xctest */ = {isa = PBXFileReference; explicitFileType = wrapper.cfbundle; includeInIndex = 0; path = TVShowsTests.xctest; sourceTree = BUILT_PRODUCTS_DIR; };
		5C89C28020EE6F4500A49751 /* TVShowsTests.swift */ = {isa = PBXFileReference; lastKnownFileType = sourcecode.swift; path = TVShowsTests.swift; sourceTree = "<group>"; };
		5C89C28220EE6F4500A49751 /* Info.plist */ = {isa = PBXFileReference; lastKnownFileType = text.plist.xml; path = Info.plist; sourceTree = "<group>"; };
		5C89C28720EE6F4500A49751 /* TVShowsUITests.xctest */ = {isa = PBXFileReference; explicitFileType = wrapper.cfbundle; includeInIndex = 0; path = TVShowsUITests.xctest; sourceTree = BUILT_PRODUCTS_DIR; };
		5C89C28B20EE6F4600A49751 /* TVShowsUITests.swift */ = {isa = PBXFileReference; lastKnownFileType = sourcecode.swift; path = TVShowsUITests.swift; sourceTree = "<group>"; };
		5C89C28D20EE6F4600A49751 /* Info.plist */ = {isa = PBXFileReference; lastKnownFileType = text.plist.xml; path = Info.plist; sourceTree = "<group>"; };
		5C8D08FE20FF693600FEDDB2 /* User.swift */ = {isa = PBXFileReference; lastKnownFileType = sourcecode.swift; path = User.swift; sourceTree = "<group>"; };
		5CC8F3A620F2B75500AAD6B4 /* Assets.xcassets */ = {isa = PBXFileReference; lastKnownFileType = folder.assetcatalog; path = Assets.xcassets; sourceTree = "<group>"; };
		64D63B64B4FC1A1317B50206 /* Pods_TVShowsTests.framework */ = {isa = PBXFileReference; explicitFileType = wrapper.framework; includeInIndex = 0; path = Pods_TVShowsTests.framework; sourceTree = BUILT_PRODUCTS_DIR; };
		72868009C504560FC40C01D7 /* Pods-TVShowsTests.debug.xcconfig */ = {isa = PBXFileReference; includeInIndex = 1; lastKnownFileType = text.xcconfig; name = "Pods-TVShowsTests.debug.xcconfig"; path = "Pods/Target Support Files/Pods-TVShowsTests/Pods-TVShowsTests.debug.xcconfig"; sourceTree = "<group>"; };
		7727F1CE1D5B619BF1DE9EE0 /* Pods_TVShowsUITests.framework */ = {isa = PBXFileReference; explicitFileType = wrapper.framework; includeInIndex = 0; path = Pods_TVShowsUITests.framework; sourceTree = BUILT_PRODUCTS_DIR; };
		C10BEA81C01CD25224F5967E /* Pods-TVShowsUITests.debug.xcconfig */ = {isa = PBXFileReference; includeInIndex = 1; lastKnownFileType = text.xcconfig; name = "Pods-TVShowsUITests.debug.xcconfig"; path = "Pods/Target Support Files/Pods-TVShowsUITests/Pods-TVShowsUITests.debug.xcconfig"; sourceTree = "<group>"; };
		E62D134069715E43D6A02173 /* Pods-TVShowsUITests.release.xcconfig */ = {isa = PBXFileReference; includeInIndex = 1; lastKnownFileType = text.xcconfig; name = "Pods-TVShowsUITests.release.xcconfig"; path = "Pods/Target Support Files/Pods-TVShowsUITests/Pods-TVShowsUITests.release.xcconfig"; sourceTree = "<group>"; };
		F004B97436D3E18FC463BECA /* Pods-TVShows.release.xcconfig */ = {isa = PBXFileReference; includeInIndex = 1; lastKnownFileType = text.xcconfig; name = "Pods-TVShows.release.xcconfig"; path = "Pods/Target Support Files/Pods-TVShows/Pods-TVShows.release.xcconfig"; sourceTree = "<group>"; };
		FBA5D1335043B18B1A41492B /* Pods_TVShows.framework */ = {isa = PBXFileReference; explicitFileType = wrapper.framework; includeInIndex = 0; path = Pods_TVShows.framework; sourceTree = BUILT_PRODUCTS_DIR; };
/* End PBXFileReference section */

/* Begin PBXFrameworksBuildPhase section */
		5C89C26520EE6F4400A49751 /* Frameworks */ = {
			isa = PBXFrameworksBuildPhase;
			buildActionMask = 2147483647;
			files = (
				A8FBA351A1F0808CB87C4EF9 /* Pods_TVShows.framework in Frameworks */,
			);
			runOnlyForDeploymentPostprocessing = 0;
		};
		5C89C27920EE6F4500A49751 /* Frameworks */ = {
			isa = PBXFrameworksBuildPhase;
			buildActionMask = 2147483647;
			files = (
				A3F435D2E22CA3040DE02CCF /* Pods_TVShowsTests.framework in Frameworks */,
			);
			runOnlyForDeploymentPostprocessing = 0;
		};
		5C89C28420EE6F4500A49751 /* Frameworks */ = {
			isa = PBXFrameworksBuildPhase;
			buildActionMask = 2147483647;
			files = (
				4B981494BB20577956B92AE6 /* Pods_TVShowsUITests.framework in Frameworks */,
			);
			runOnlyForDeploymentPostprocessing = 0;
		};
/* End PBXFrameworksBuildPhase section */

/* Begin PBXGroup section */
		1D79415E3554D0C9AC76469B /* Pods */ = {
			isa = PBXGroup;
			children = (
				1B69BDA09AC00BA572CF0965 /* Pods-TVShows.debug.xcconfig */,
				F004B97436D3E18FC463BECA /* Pods-TVShows.release.xcconfig */,
				72868009C504560FC40C01D7 /* Pods-TVShowsTests.debug.xcconfig */,
				078EA4EB5E735F37340A1459 /* Pods-TVShowsTests.release.xcconfig */,
				C10BEA81C01CD25224F5967E /* Pods-TVShowsUITests.debug.xcconfig */,
				E62D134069715E43D6A02173 /* Pods-TVShowsUITests.release.xcconfig */,
			);
			name = Pods;
			sourceTree = "<group>";
		};
		3F04518CD8D44AE9E83F7E3A /* Frameworks */ = {
			isa = PBXGroup;
			children = (
				FBA5D1335043B18B1A41492B /* Pods_TVShows.framework */,
				64D63B64B4FC1A1317B50206 /* Pods_TVShowsTests.framework */,
				7727F1CE1D5B619BF1DE9EE0 /* Pods_TVShowsUITests.framework */,
			);
			name = Frameworks;
			sourceTree = "<group>";
		};
		5C89C25F20EE6F4400A49751 = {
			isa = PBXGroup;
			children = (
				5C89C26A20EE6F4400A49751 /* TVShows */,
				5C89C27F20EE6F4500A49751 /* TVShowsTests */,
				5C89C28A20EE6F4500A49751 /* TVShowsUITests */,
				5C89C26920EE6F4400A49751 /* Products */,
				1D79415E3554D0C9AC76469B /* Pods */,
				3F04518CD8D44AE9E83F7E3A /* Frameworks */,
			);
			sourceTree = "<group>";
		};
		5C89C26920EE6F4400A49751 /* Products */ = {
			isa = PBXGroup;
			children = (
				5C89C26820EE6F4400A49751 /* TVShows.app */,
				5C89C27C20EE6F4500A49751 /* TVShowsTests.xctest */,
				5C89C28720EE6F4500A49751 /* TVShowsUITests.xctest */,
			);
			name = Products;
			sourceTree = "<group>";
		};
		5C89C26A20EE6F4400A49751 /* TVShows */ = {
			isa = PBXGroup;
			children = (
				5CC8F39F20F27EA600AAD6B4 /* Login */,
				5C89C26B20EE6F4400A49751 /* AppDelegate.swift */,
				5C89C27420EE6F4500A49751 /* LaunchScreen.storyboard */,
				5C89C27720EE6F4500A49751 /* Info.plist */,
				5CC8F3A620F2B75500AAD6B4 /* Assets.xcassets */,
			);
			path = TVShows;
			sourceTree = "<group>";
		};
		5C89C27F20EE6F4500A49751 /* TVShowsTests */ = {
			isa = PBXGroup;
			children = (
				5C89C28020EE6F4500A49751 /* TVShowsTests.swift */,
				5C89C28220EE6F4500A49751 /* Info.plist */,
			);
			path = TVShowsTests;
			sourceTree = "<group>";
		};
		5C89C28A20EE6F4500A49751 /* TVShowsUITests */ = {
			isa = PBXGroup;
			children = (
				5C89C28B20EE6F4600A49751 /* TVShowsUITests.swift */,
				5C89C28D20EE6F4600A49751 /* Info.plist */,
			);
			path = TVShowsUITests;
			sourceTree = "<group>";
		};
		5CC8F39F20F27EA600AAD6B4 /* Login */ = {
			isa = PBXGroup;
			children = (
				5C1BE46820F935F800E29CA0 /* Login.storyboard */,
				5C1BE46A20F9360800E29CA0 /* LoginViewController.swift */,
				5C418D9C20FE91170005E723 /* HomeViewController.swift */,
				5C8D08FE20FF693600FEDDB2 /* User.swift */,
			);
			name = Login;
			path = "New Group";
			sourceTree = "<group>";
		};
/* End PBXGroup section */

/* Begin PBXNativeTarget section */
		5C89C26720EE6F4400A49751 /* TVShows */ = {
			isa = PBXNativeTarget;
			buildConfigurationList = 5C89C29020EE6F4600A49751 /* Build configuration list for PBXNativeTarget "TVShows" */;
			buildPhases = (
				5AA13DC8CC5790435DBA87DB /* [CP] Check Pods Manifest.lock */,
				5C89C26420EE6F4400A49751 /* Sources */,
				5C89C26520EE6F4400A49751 /* Frameworks */,
				5C89C26620EE6F4400A49751 /* Resources */,
				23DCD530B46F263696F8ACAB /* [CP] Embed Pods Frameworks */,
			);
			buildRules = (
			);
			dependencies = (
			);
			name = TVShows;
			productName = TVShows;
			productReference = 5C89C26820EE6F4400A49751 /* TVShows.app */;
			productType = "com.apple.product-type.application";
		};
		5C89C27B20EE6F4500A49751 /* TVShowsTests */ = {
			isa = PBXNativeTarget;
			buildConfigurationList = 5C89C29320EE6F4600A49751 /* Build configuration list for PBXNativeTarget "TVShowsTests" */;
			buildPhases = (
				CBD88999E4DA40190F7ED03D /* [CP] Check Pods Manifest.lock */,
				5C89C27820EE6F4500A49751 /* Sources */,
				5C89C27920EE6F4500A49751 /* Frameworks */,
				5C89C27A20EE6F4500A49751 /* Resources */,
			);
			buildRules = (
			);
			dependencies = (
				5C89C27E20EE6F4500A49751 /* PBXTargetDependency */,
			);
			name = TVShowsTests;
			productName = TVShowsTests;
			productReference = 5C89C27C20EE6F4500A49751 /* TVShowsTests.xctest */;
			productType = "com.apple.product-type.bundle.unit-test";
		};
		5C89C28620EE6F4500A49751 /* TVShowsUITests */ = {
			isa = PBXNativeTarget;
			buildConfigurationList = 5C89C29620EE6F4600A49751 /* Build configuration list for PBXNativeTarget "TVShowsUITests" */;
			buildPhases = (
				DAC39365A7579E2F795B820F /* [CP] Check Pods Manifest.lock */,
				5C89C28320EE6F4500A49751 /* Sources */,
				5C89C28420EE6F4500A49751 /* Frameworks */,
				5C89C28520EE6F4500A49751 /* Resources */,
			);
			buildRules = (
			);
			dependencies = (
				5C89C28920EE6F4500A49751 /* PBXTargetDependency */,
			);
			name = TVShowsUITests;
			productName = TVShowsUITests;
			productReference = 5C89C28720EE6F4500A49751 /* TVShowsUITests.xctest */;
			productType = "com.apple.product-type.bundle.ui-testing";
		};
/* End PBXNativeTarget section */

/* Begin PBXProject section */
		5C89C26020EE6F4400A49751 /* Project object */ = {
			isa = PBXProject;
			attributes = {
				LastSwiftUpdateCheck = 0940;
				LastUpgradeCheck = 0940;
				ORGANIZATIONNAME = Sifon.co;
				TargetAttributes = {
					5C89C26720EE6F4400A49751 = {
						CreatedOnToolsVersion = 9.4.1;
					};
					5C89C27B20EE6F4500A49751 = {
						CreatedOnToolsVersion = 9.4.1;
						TestTargetID = 5C89C26720EE6F4400A49751;
					};
					5C89C28620EE6F4500A49751 = {
						CreatedOnToolsVersion = 9.4.1;
						TestTargetID = 5C89C26720EE6F4400A49751;
					};
				};
			};
			buildConfigurationList = 5C89C26320EE6F4400A49751 /* Build configuration list for PBXProject "TVShows" */;
			compatibilityVersion = "Xcode 9.3";
			developmentRegion = en;
			hasScannedForEncodings = 0;
			knownRegions = (
				en,
				Base,
			);
			mainGroup = 5C89C25F20EE6F4400A49751;
			productRefGroup = 5C89C26920EE6F4400A49751 /* Products */;
			projectDirPath = "";
			projectRoot = "";
			targets = (
				5C89C26720EE6F4400A49751 /* TVShows */,
				5C89C27B20EE6F4500A49751 /* TVShowsTests */,
				5C89C28620EE6F4500A49751 /* TVShowsUITests */,
			);
		};
/* End PBXProject section */

/* Begin PBXResourcesBuildPhase section */
		5C89C26620EE6F4400A49751 /* Resources */ = {
			isa = PBXResourcesBuildPhase;
			buildActionMask = 2147483647;
			files = (
				5C89C27620EE6F4500A49751 /* LaunchScreen.storyboard in Resources */,
				5CC8F3A720F2B75500AAD6B4 /* Assets.xcassets in Resources */,
				5C1BE46920F935F800E29CA0 /* Login.storyboard in Resources */,
			);
			runOnlyForDeploymentPostprocessing = 0;
		};
		5C89C27A20EE6F4500A49751 /* Resources */ = {
			isa = PBXResourcesBuildPhase;
			buildActionMask = 2147483647;
			files = (
			);
			runOnlyForDeploymentPostprocessing = 0;
		};
		5C89C28520EE6F4500A49751 /* Resources */ = {
			isa = PBXResourcesBuildPhase;
			buildActionMask = 2147483647;
			files = (
			);
			runOnlyForDeploymentPostprocessing = 0;
		};
/* End PBXResourcesBuildPhase section */

/* Begin PBXShellScriptBuildPhase section */
		23DCD530B46F263696F8ACAB /* [CP] Embed Pods Frameworks */ = {
			isa = PBXShellScriptBuildPhase;
			buildActionMask = 2147483647;
			files = (
			);
			inputPaths = (
				"${SRCROOT}/Pods/Target Support Files/Pods-TVShows/Pods-TVShows-frameworks.sh",
				"${BUILT_PRODUCTS_DIR}/Alamofire/Alamofire.framework",
				"${BUILT_PRODUCTS_DIR}/CodableAlamofire/CodableAlamofire.framework",
				"${BUILT_PRODUCTS_DIR}/SVProgressHUD/SVProgressHUD.framework",
			);
			name = "[CP] Embed Pods Frameworks";
			outputPaths = (
				"${TARGET_BUILD_DIR}/${FRAMEWORKS_FOLDER_PATH}/Alamofire.framework",
				"${TARGET_BUILD_DIR}/${FRAMEWORKS_FOLDER_PATH}/CodableAlamofire.framework",
				"${TARGET_BUILD_DIR}/${FRAMEWORKS_FOLDER_PATH}/SVProgressHUD.framework",
			);
			runOnlyForDeploymentPostprocessing = 0;
			shellPath = /bin/sh;
			shellScript = "\"${SRCROOT}/Pods/Target Support Files/Pods-TVShows/Pods-TVShows-frameworks.sh\"\n";
			showEnvVarsInLog = 0;
		};
		5AA13DC8CC5790435DBA87DB /* [CP] Check Pods Manifest.lock */ = {
			isa = PBXShellScriptBuildPhase;
			buildActionMask = 2147483647;
			files = (
			);
			inputPaths = (
				"${PODS_PODFILE_DIR_PATH}/Podfile.lock",
				"${PODS_ROOT}/Manifest.lock",
			);
			name = "[CP] Check Pods Manifest.lock";
			outputPaths = (
				"$(DERIVED_FILE_DIR)/Pods-TVShows-checkManifestLockResult.txt",
			);
			runOnlyForDeploymentPostprocessing = 0;
			shellPath = /bin/sh;
			shellScript = "diff \"${PODS_PODFILE_DIR_PATH}/Podfile.lock\" \"${PODS_ROOT}/Manifest.lock\" > /dev/null\nif [ $? != 0 ] ; then\n    # print error to STDERR\n    echo \"error: The sandbox is not in sync with the Podfile.lock. Run 'pod install' or update your CocoaPods installation.\" >&2\n    exit 1\nfi\n# This output is used by Xcode 'outputs' to avoid re-running this script phase.\necho \"SUCCESS\" > \"${SCRIPT_OUTPUT_FILE_0}\"\n";
			showEnvVarsInLog = 0;
		};
		CBD88999E4DA40190F7ED03D /* [CP] Check Pods Manifest.lock */ = {
			isa = PBXShellScriptBuildPhase;
			buildActionMask = 2147483647;
			files = (
			);
			inputPaths = (
				"${PODS_PODFILE_DIR_PATH}/Podfile.lock",
				"${PODS_ROOT}/Manifest.lock",
			);
			name = "[CP] Check Pods Manifest.lock";
			outputPaths = (
				"$(DERIVED_FILE_DIR)/Pods-TVShowsTests-checkManifestLockResult.txt",
			);
			runOnlyForDeploymentPostprocessing = 0;
			shellPath = /bin/sh;
			shellScript = "diff \"${PODS_PODFILE_DIR_PATH}/Podfile.lock\" \"${PODS_ROOT}/Manifest.lock\" > /dev/null\nif [ $? != 0 ] ; then\n    # print error to STDERR\n    echo \"error: The sandbox is not in sync with the Podfile.lock. Run 'pod install' or update your CocoaPods installation.\" >&2\n    exit 1\nfi\n# This output is used by Xcode 'outputs' to avoid re-running this script phase.\necho \"SUCCESS\" > \"${SCRIPT_OUTPUT_FILE_0}\"\n";
			showEnvVarsInLog = 0;
		};
		DAC39365A7579E2F795B820F /* [CP] Check Pods Manifest.lock */ = {
			isa = PBXShellScriptBuildPhase;
			buildActionMask = 2147483647;
			files = (
			);
			inputPaths = (
				"${PODS_PODFILE_DIR_PATH}/Podfile.lock",
				"${PODS_ROOT}/Manifest.lock",
			);
			name = "[CP] Check Pods Manifest.lock";
			outputPaths = (
				"$(DERIVED_FILE_DIR)/Pods-TVShowsUITests-checkManifestLockResult.txt",
			);
			runOnlyForDeploymentPostprocessing = 0;
			shellPath = /bin/sh;
			shellScript = "diff \"${PODS_PODFILE_DIR_PATH}/Podfile.lock\" \"${PODS_ROOT}/Manifest.lock\" > /dev/null\nif [ $? != 0 ] ; then\n    # print error to STDERR\n    echo \"error: The sandbox is not in sync with the Podfile.lock. Run 'pod install' or update your CocoaPods installation.\" >&2\n    exit 1\nfi\n# This output is used by Xcode 'outputs' to avoid re-running this script phase.\necho \"SUCCESS\" > \"${SCRIPT_OUTPUT_FILE_0}\"\n";
			showEnvVarsInLog = 0;
		};
/* End PBXShellScriptBuildPhase section */

/* Begin PBXSourcesBuildPhase section */
		5C89C26420EE6F4400A49751 /* Sources */ = {
			isa = PBXSourcesBuildPhase;
			buildActionMask = 2147483647;
			files = (
				5C8D08FF20FF693600FEDDB2 /* User.swift in Sources */,
				5C1BE46B20F9360800E29CA0 /* LoginViewController.swift in Sources */,
				5C89C26C20EE6F4400A49751 /* AppDelegate.swift in Sources */,
				5C418D9D20FE91170005E723 /* HomeViewController.swift in Sources */,
			);
			runOnlyForDeploymentPostprocessing = 0;
		};
		5C89C27820EE6F4500A49751 /* Sources */ = {
			isa = PBXSourcesBuildPhase;
			buildActionMask = 2147483647;
			files = (
				5C89C28120EE6F4500A49751 /* TVShowsTests.swift in Sources */,
			);
			runOnlyForDeploymentPostprocessing = 0;
		};
		5C89C28320EE6F4500A49751 /* Sources */ = {
			isa = PBXSourcesBuildPhase;
			buildActionMask = 2147483647;
			files = (
				5C89C28C20EE6F4600A49751 /* TVShowsUITests.swift in Sources */,
			);
			runOnlyForDeploymentPostprocessing = 0;
		};
/* End PBXSourcesBuildPhase section */

/* Begin PBXTargetDependency section */
		5C89C27E20EE6F4500A49751 /* PBXTargetDependency */ = {
			isa = PBXTargetDependency;
			target = 5C89C26720EE6F4400A49751 /* TVShows */;
			targetProxy = 5C89C27D20EE6F4500A49751 /* PBXContainerItemProxy */;
		};
		5C89C28920EE6F4500A49751 /* PBXTargetDependency */ = {
			isa = PBXTargetDependency;
			target = 5C89C26720EE6F4400A49751 /* TVShows */;
			targetProxy = 5C89C28820EE6F4500A49751 /* PBXContainerItemProxy */;
		};
/* End PBXTargetDependency section */

/* Begin PBXVariantGroup section */
		5C89C27420EE6F4500A49751 /* LaunchScreen.storyboard */ = {
			isa = PBXVariantGroup;
			children = (
				5C89C27520EE6F4500A49751 /* Base */,
			);
			name = LaunchScreen.storyboard;
			sourceTree = "<group>";
		};
/* End PBXVariantGroup section */

/* Begin XCBuildConfiguration section */
		5C89C28E20EE6F4600A49751 /* Debug */ = {
			isa = XCBuildConfiguration;
			buildSettings = {
				ALWAYS_SEARCH_USER_PATHS = NO;
				CLANG_ANALYZER_NONNULL = YES;
				CLANG_ANALYZER_NUMBER_OBJECT_CONVERSION = YES_AGGRESSIVE;
				CLANG_CXX_LANGUAGE_STANDARD = "gnu++14";
				CLANG_CXX_LIBRARY = "libc++";
				CLANG_ENABLE_MODULES = YES;
				CLANG_ENABLE_OBJC_ARC = YES;
				CLANG_ENABLE_OBJC_WEAK = YES;
				CLANG_WARN_BLOCK_CAPTURE_AUTORELEASING = YES;
				CLANG_WARN_BOOL_CONVERSION = YES;
				CLANG_WARN_COMMA = YES;
				CLANG_WARN_CONSTANT_CONVERSION = YES;
				CLANG_WARN_DEPRECATED_OBJC_IMPLEMENTATIONS = YES;
				CLANG_WARN_DIRECT_OBJC_ISA_USAGE = YES_ERROR;
				CLANG_WARN_DOCUMENTATION_COMMENTS = YES;
				CLANG_WARN_EMPTY_BODY = YES;
				CLANG_WARN_ENUM_CONVERSION = YES;
				CLANG_WARN_INFINITE_RECURSION = YES;
				CLANG_WARN_INT_CONVERSION = YES;
				CLANG_WARN_NON_LITERAL_NULL_CONVERSION = YES;
				CLANG_WARN_OBJC_IMPLICIT_RETAIN_SELF = YES;
				CLANG_WARN_OBJC_LITERAL_CONVERSION = YES;
				CLANG_WARN_OBJC_ROOT_CLASS = YES_ERROR;
				CLANG_WARN_RANGE_LOOP_ANALYSIS = YES;
				CLANG_WARN_STRICT_PROTOTYPES = YES;
				CLANG_WARN_SUSPICIOUS_MOVE = YES;
				CLANG_WARN_UNGUARDED_AVAILABILITY = YES_AGGRESSIVE;
				CLANG_WARN_UNREACHABLE_CODE = YES;
				CLANG_WARN__DUPLICATE_METHOD_MATCH = YES;
				CODE_SIGN_IDENTITY = "iPhone Developer";
				COPY_PHASE_STRIP = NO;
				DEBUG_INFORMATION_FORMAT = dwarf;
				ENABLE_STRICT_OBJC_MSGSEND = YES;
				ENABLE_TESTABILITY = YES;
				GCC_C_LANGUAGE_STANDARD = gnu11;
				GCC_DYNAMIC_NO_PIC = NO;
				GCC_NO_COMMON_BLOCKS = YES;
				GCC_OPTIMIZATION_LEVEL = 0;
				GCC_PREPROCESSOR_DEFINITIONS = (
					"DEBUG=1",
					"$(inherited)",
				);
				GCC_WARN_64_TO_32_BIT_CONVERSION = YES;
				GCC_WARN_ABOUT_RETURN_TYPE = YES_ERROR;
				GCC_WARN_UNDECLARED_SELECTOR = YES;
				GCC_WARN_UNINITIALIZED_AUTOS = YES_AGGRESSIVE;
				GCC_WARN_UNUSED_FUNCTION = YES;
				GCC_WARN_UNUSED_VARIABLE = YES;
				IPHONEOS_DEPLOYMENT_TARGET = 11.4;
				MTL_ENABLE_DEBUG_INFO = YES;
				ONLY_ACTIVE_ARCH = YES;
				SDKROOT = iphoneos;
				SWIFT_ACTIVE_COMPILATION_CONDITIONS = DEBUG;
				SWIFT_OPTIMIZATION_LEVEL = "-Onone";
			};
			name = Debug;
		};
		5C89C28F20EE6F4600A49751 /* Release */ = {
			isa = XCBuildConfiguration;
			buildSettings = {
				ALWAYS_SEARCH_USER_PATHS = NO;
				CLANG_ANALYZER_NONNULL = YES;
				CLANG_ANALYZER_NUMBER_OBJECT_CONVERSION = YES_AGGRESSIVE;
				CLANG_CXX_LANGUAGE_STANDARD = "gnu++14";
				CLANG_CXX_LIBRARY = "libc++";
				CLANG_ENABLE_MODULES = YES;
				CLANG_ENABLE_OBJC_ARC = YES;
				CLANG_ENABLE_OBJC_WEAK = YES;
				CLANG_WARN_BLOCK_CAPTURE_AUTORELEASING = YES;
				CLANG_WARN_BOOL_CONVERSION = YES;
				CLANG_WARN_COMMA = YES;
				CLANG_WARN_CONSTANT_CONVERSION = YES;
				CLANG_WARN_DEPRECATED_OBJC_IMPLEMENTATIONS = YES;
				CLANG_WARN_DIRECT_OBJC_ISA_USAGE = YES_ERROR;
				CLANG_WARN_DOCUMENTATION_COMMENTS = YES;
				CLANG_WARN_EMPTY_BODY = YES;
				CLANG_WARN_ENUM_CONVERSION = YES;
				CLANG_WARN_INFINITE_RECURSION = YES;
				CLANG_WARN_INT_CONVERSION = YES;
				CLANG_WARN_NON_LITERAL_NULL_CONVERSION = YES;
				CLANG_WARN_OBJC_IMPLICIT_RETAIN_SELF = YES;
				CLANG_WARN_OBJC_LITERAL_CONVERSION = YES;
				CLANG_WARN_OBJC_ROOT_CLASS = YES_ERROR;
				CLANG_WARN_RANGE_LOOP_ANALYSIS = YES;
				CLANG_WARN_STRICT_PROTOTYPES = YES;
				CLANG_WARN_SUSPICIOUS_MOVE = YES;
				CLANG_WARN_UNGUARDED_AVAILABILITY = YES_AGGRESSIVE;
				CLANG_WARN_UNREACHABLE_CODE = YES;
				CLANG_WARN__DUPLICATE_METHOD_MATCH = YES;
				CODE_SIGN_IDENTITY = "iPhone Developer";
				COPY_PHASE_STRIP = NO;
				DEBUG_INFORMATION_FORMAT = "dwarf-with-dsym";
				ENABLE_NS_ASSERTIONS = NO;
				ENABLE_STRICT_OBJC_MSGSEND = YES;
				GCC_C_LANGUAGE_STANDARD = gnu11;
				GCC_NO_COMMON_BLOCKS = YES;
				GCC_WARN_64_TO_32_BIT_CONVERSION = YES;
				GCC_WARN_ABOUT_RETURN_TYPE = YES_ERROR;
				GCC_WARN_UNDECLARED_SELECTOR = YES;
				GCC_WARN_UNINITIALIZED_AUTOS = YES_AGGRESSIVE;
				GCC_WARN_UNUSED_FUNCTION = YES;
				GCC_WARN_UNUSED_VARIABLE = YES;
				IPHONEOS_DEPLOYMENT_TARGET = 11.4;
				MTL_ENABLE_DEBUG_INFO = NO;
				SDKROOT = iphoneos;
				SWIFT_COMPILATION_MODE = wholemodule;
				SWIFT_OPTIMIZATION_LEVEL = "-O";
				VALIDATE_PRODUCT = YES;
			};
			name = Release;
		};
		5C89C29120EE6F4600A49751 /* Debug */ = {
			isa = XCBuildConfiguration;
			baseConfigurationReference = 1B69BDA09AC00BA572CF0965 /* Pods-TVShows.debug.xcconfig */;
			buildSettings = {
				ASSETCATALOG_COMPILER_APPICON_NAME = AppIcon;
				CODE_SIGN_STYLE = Automatic;
				INFOPLIST_FILE = TVShows/Info.plist;
				LD_RUNPATH_SEARCH_PATHS = (
					"$(inherited)",
					"@executable_path/Frameworks",
				);
				PRODUCT_BUNDLE_IDENTIFIER = co.mcolja.TVShows;
				PRODUCT_NAME = "$(TARGET_NAME)";
				SWIFT_VERSION = 4.0;
				TARGETED_DEVICE_FAMILY = "1,2";
			};
			name = Debug;
		};
		5C89C29220EE6F4600A49751 /* Release */ = {
			isa = XCBuildConfiguration;
			baseConfigurationReference = F004B97436D3E18FC463BECA /* Pods-TVShows.release.xcconfig */;
			buildSettings = {
				ASSETCATALOG_COMPILER_APPICON_NAME = AppIcon;
				CODE_SIGN_STYLE = Automatic;
				INFOPLIST_FILE = TVShows/Info.plist;
				LD_RUNPATH_SEARCH_PATHS = (
					"$(inherited)",
					"@executable_path/Frameworks",
				);
				PRODUCT_BUNDLE_IDENTIFIER = co.mcolja.TVShows;
				PRODUCT_NAME = "$(TARGET_NAME)";
				SWIFT_VERSION = 4.0;
				TARGETED_DEVICE_FAMILY = "1,2";
			};
			name = Release;
		};
		5C89C29420EE6F4600A49751 /* Debug */ = {
			isa = XCBuildConfiguration;
			baseConfigurationReference = 72868009C504560FC40C01D7 /* Pods-TVShowsTests.debug.xcconfig */;
			buildSettings = {
				ALWAYS_EMBED_SWIFT_STANDARD_LIBRARIES = YES;
				BUNDLE_LOADER = "$(TEST_HOST)";
				CODE_SIGN_STYLE = Automatic;
				INFOPLIST_FILE = TVShowsTests/Info.plist;
				LD_RUNPATH_SEARCH_PATHS = (
					"$(inherited)",
					"@executable_path/Frameworks",
					"@loader_path/Frameworks",
				);
				PRODUCT_BUNDLE_IDENTIFIER = co.mcolja.TVShowsTests;
				PRODUCT_NAME = "$(TARGET_NAME)";
				SWIFT_VERSION = 4.0;
				TARGETED_DEVICE_FAMILY = "1,2";
				TEST_HOST = "$(BUILT_PRODUCTS_DIR)/TVShows.app/TVShows";
			};
			name = Debug;
		};
		5C89C29520EE6F4600A49751 /* Release */ = {
			isa = XCBuildConfiguration;
			baseConfigurationReference = 078EA4EB5E735F37340A1459 /* Pods-TVShowsTests.release.xcconfig */;
			buildSettings = {
				ALWAYS_EMBED_SWIFT_STANDARD_LIBRARIES = YES;
				BUNDLE_LOADER = "$(TEST_HOST)";
				CODE_SIGN_STYLE = Automatic;
				INFOPLIST_FILE = TVShowsTests/Info.plist;
				LD_RUNPATH_SEARCH_PATHS = (
					"$(inherited)",
					"@executable_path/Frameworks",
					"@loader_path/Frameworks",
				);
				PRODUCT_BUNDLE_IDENTIFIER = co.mcolja.TVShowsTests;
				PRODUCT_NAME = "$(TARGET_NAME)";
				SWIFT_VERSION = 4.0;
				TARGETED_DEVICE_FAMILY = "1,2";
				TEST_HOST = "$(BUILT_PRODUCTS_DIR)/TVShows.app/TVShows";
			};
			name = Release;
		};
		5C89C29720EE6F4600A49751 /* Debug */ = {
			isa = XCBuildConfiguration;
			baseConfigurationReference = C10BEA81C01CD25224F5967E /* Pods-TVShowsUITests.debug.xcconfig */;
			buildSettings = {
				ALWAYS_EMBED_SWIFT_STANDARD_LIBRARIES = YES;
				CODE_SIGN_STYLE = Automatic;
				INFOPLIST_FILE = TVShowsUITests/Info.plist;
				LD_RUNPATH_SEARCH_PATHS = (
					"$(inherited)",
					"@executable_path/Frameworks",
					"@loader_path/Frameworks",
				);
				PRODUCT_BUNDLE_IDENTIFIER = co.mcolja.TVShowsUITests;
				PRODUCT_NAME = "$(TARGET_NAME)";
				SWIFT_VERSION = 4.0;
				TARGETED_DEVICE_FAMILY = "1,2";
				TEST_TARGET_NAME = TVShows;
			};
			name = Debug;
		};
		5C89C29820EE6F4600A49751 /* Release */ = {
			isa = XCBuildConfiguration;
			baseConfigurationReference = E62D134069715E43D6A02173 /* Pods-TVShowsUITests.release.xcconfig */;
			buildSettings = {
				ALWAYS_EMBED_SWIFT_STANDARD_LIBRARIES = YES;
				CODE_SIGN_STYLE = Automatic;
				INFOPLIST_FILE = TVShowsUITests/Info.plist;
				LD_RUNPATH_SEARCH_PATHS = (
					"$(inherited)",
					"@executable_path/Frameworks",
					"@loader_path/Frameworks",
				);
				PRODUCT_BUNDLE_IDENTIFIER = co.mcolja.TVShowsUITests;
				PRODUCT_NAME = "$(TARGET_NAME)";
				SWIFT_VERSION = 4.0;
				TARGETED_DEVICE_FAMILY = "1,2";
				TEST_TARGET_NAME = TVShows;
			};
			name = Release;
		};
/* End XCBuildConfiguration section */

/* Begin XCConfigurationList section */
		5C89C26320EE6F4400A49751 /* Build configuration list for PBXProject "TVShows" */ = {
			isa = XCConfigurationList;
			buildConfigurations = (
				5C89C28E20EE6F4600A49751 /* Debug */,
				5C89C28F20EE6F4600A49751 /* Release */,
			);
			defaultConfigurationIsVisible = 0;
			defaultConfigurationName = Release;
		};
		5C89C29020EE6F4600A49751 /* Build configuration list for PBXNativeTarget "TVShows" */ = {
			isa = XCConfigurationList;
			buildConfigurations = (
				5C89C29120EE6F4600A49751 /* Debug */,
				5C89C29220EE6F4600A49751 /* Release */,
			);
			defaultConfigurationIsVisible = 0;
			defaultConfigurationName = Release;
		};
		5C89C29320EE6F4600A49751 /* Build configuration list for PBXNativeTarget "TVShowsTests" */ = {
			isa = XCConfigurationList;
			buildConfigurations = (
				5C89C29420EE6F4600A49751 /* Debug */,
				5C89C29520EE6F4600A49751 /* Release */,
			);
			defaultConfigurationIsVisible = 0;
			defaultConfigurationName = Release;
		};
		5C89C29620EE6F4600A49751 /* Build configuration list for PBXNativeTarget "TVShowsUITests" */ = {
			isa = XCConfigurationList;
			buildConfigurations = (
				5C89C29720EE6F4600A49751 /* Debug */,
				5C89C29820EE6F4600A49751 /* Release */,
			);
			defaultConfigurationIsVisible = 0;
			defaultConfigurationName = Release;
		};
/* End XCConfigurationList section */
	};
	rootObject = 5C89C26020EE6F4400A49751 /* Project object */;
}
